
Microsoft Visual Studio Solution File, Format Version 12.00
# Visual Studio Version 16
VisualStudioVersion = 16.6.30114.105
MinimumVisualStudioVersion = 10.0.40219.1
Project("{9A19103F-16F7-4668-BE54-9A1E7A4F7556}") = "Cas.Customer.Api", "customer\Cas.Customer.Api\Cas.Customer.Api.csproj", "{ABB0E458-1704-4E8F-BE26-84B86B4EF735}"
EndProject
Project("{2150E333-8FDC-42A3-9474-1A3956D46DE8}") = "customer", "customer", "{2C8A9493-E27D-4ABB-8C9F-B097D4005F2C}"
EndProject
Project("{2150E333-8FDC-42A3-9474-1A3956D46DE8}") = "account", "account", "{3846D5A7-3876-4C21-9313-97D625F18A7B}"
EndProject
Project("{2150E333-8FDC-42A3-9474-1A3956D46DE8}") = "transaction", "transaction", "{CD0BA1C3-B8D8-4B10-97D9-1A2F27DD5F75}"
EndProject
Project("{9A19103F-16F7-4668-BE54-9A1E7A4F7556}") = "Cas.Transaction.Api", "transaction\Cas.Transaction.Api\Cas.Transaction.Api.csproj", "{C83F874F-2055-45E9-811A-46EAFF9F37E8}"
EndProject
Project("{9A19103F-16F7-4668-BE54-9A1E7A4F7556}") = "Cas.Transaction.Core", "transaction\Cas.Transaction.Core\Cas.Transaction.Core.csproj", "{D58C6C76-B4C5-4BD3-A157-9A71E0637420}"
EndProject
Project("{9A19103F-16F7-4668-BE54-9A1E7A4F7556}") = "Cas.Transaction.DataAccess", "transaction\Cas.Transaction.DataAccess\Cas.Transaction.DataAccess.csproj", "{D0AF8A19-F445-4FF7-9321-2F4A61FB62B4}"
EndProject
Project("{9A19103F-16F7-4668-BE54-9A1E7A4F7556}") = "Cas.Transaction.Tests", "transaction\Cas.Transaction.Tests\Cas.Transaction.Tests.csproj", "{D86C8001-A7F6-46F3-A7B1-1FBB5DD49F03}"
EndProject
Project("{9A19103F-16F7-4668-BE54-9A1E7A4F7556}") = "Cas.Account.Api", "account\Cas.Account.Api\Cas.Account.Api.csproj", "{924861CB-4BF9-4049-BDB8-3BB584542AAF}"
EndProject
Project("{9A19103F-16F7-4668-BE54-9A1E7A4F7556}") = "Cas.Account.Core", "account\Cas.Account.Core\Cas.Account.Core.csproj", "{EF374143-61F4-428B-AC92-BB3EA6FACCF9}"
EndProject
Project("{9A19103F-16F7-4668-BE54-9A1E7A4F7556}") = "Cas.Account.DataAccess", "account\Cas.Account.DataAccess\Cas.Account.DataAccess.csproj", "{2F387BD0-8AD0-446E-9121-65C325410845}"
EndProject
Project("{9A19103F-16F7-4668-BE54-9A1E7A4F7556}") = "Cas.Account.Tests", "account\Cas.Account.Tests\Cas.Account.Tests.csproj", "{1A762A12-8161-473D-838D-E2008D77045B}"
EndProject
Global
	GlobalSection(SolutionConfigurationPlatforms) = preSolution
		Debug|Any CPU = Debug|Any CPU
		Debug|x64 = Debug|x64
		Debug|x86 = Debug|x86
		Release|Any CPU = Release|Any CPU
		Release|x64 = Release|x64
		Release|x86 = Release|x86
	EndGlobalSection
	GlobalSection(ProjectConfigurationPlatforms) = postSolution
		{ABB0E458-1704-4E8F-BE26-84B86B4EF735}.Debug|Any CPU.ActiveCfg = Debug|Any CPU
		{ABB0E458-1704-4E8F-BE26-84B86B4EF735}.Debug|Any CPU.Build.0 = Debug|Any CPU
		{ABB0E458-1704-4E8F-BE26-84B86B4EF735}.Debug|x64.ActiveCfg = Debug|Any CPU
		{ABB0E458-1704-4E8F-BE26-84B86B4EF735}.Debug|x64.Build.0 = Debug|Any CPU
		{ABB0E458-1704-4E8F-BE26-84B86B4EF735}.Debug|x86.ActiveCfg = Debug|Any CPU
		{ABB0E458-1704-4E8F-BE26-84B86B4EF735}.Debug|x86.Build.0 = Debug|Any CPU
		{ABB0E458-1704-4E8F-BE26-84B86B4EF735}.Release|Any CPU.ActiveCfg = Release|Any CPU
		{ABB0E458-1704-4E8F-BE26-84B86B4EF735}.Release|Any CPU.Build.0 = Release|Any CPU
		{ABB0E458-1704-4E8F-BE26-84B86B4EF735}.Release|x64.ActiveCfg = Release|Any CPU
		{ABB0E458-1704-4E8F-BE26-84B86B4EF735}.Release|x64.Build.0 = Release|Any CPU
		{ABB0E458-1704-4E8F-BE26-84B86B4EF735}.Release|x86.ActiveCfg = Release|Any CPU
		{ABB0E458-1704-4E8F-BE26-84B86B4EF735}.Release|x86.Build.0 = Release|Any CPU
		{C83F874F-2055-45E9-811A-46EAFF9F37E8}.Debug|Any CPU.ActiveCfg = Debug|Any CPU
		{C83F874F-2055-45E9-811A-46EAFF9F37E8}.Debug|Any CPU.Build.0 = Debug|Any CPU
		{C83F874F-2055-45E9-811A-46EAFF9F37E8}.Debug|x64.ActiveCfg = Debug|Any CPU
		{C83F874F-2055-45E9-811A-46EAFF9F37E8}.Debug|x64.Build.0 = Debug|Any CPU
		{C83F874F-2055-45E9-811A-46EAFF9F37E8}.Debug|x86.ActiveCfg = Debug|Any CPU
		{C83F874F-2055-45E9-811A-46EAFF9F37E8}.Debug|x86.Build.0 = Debug|Any CPU
		{C83F874F-2055-45E9-811A-46EAFF9F37E8}.Release|Any CPU.ActiveCfg = Release|Any CPU
		{C83F874F-2055-45E9-811A-46EAFF9F37E8}.Release|Any CPU.Build.0 = Release|Any CPU
		{C83F874F-2055-45E9-811A-46EAFF9F37E8}.Release|x64.ActiveCfg = Release|Any CPU
		{C83F874F-2055-45E9-811A-46EAFF9F37E8}.Release|x64.Build.0 = Release|Any CPU
		{C83F874F-2055-45E9-811A-46EAFF9F37E8}.Release|x86.ActiveCfg = Release|Any CPU
		{C83F874F-2055-45E9-811A-46EAFF9F37E8}.Release|x86.Build.0 = Release|Any CPU
		{D58C6C76-B4C5-4BD3-A157-9A71E0637420}.Debug|Any CPU.ActiveCfg = Debug|Any CPU
		{D58C6C76-B4C5-4BD3-A157-9A71E0637420}.Debug|Any CPU.Build.0 = Debug|Any CPU
		{D58C6C76-B4C5-4BD3-A157-9A71E0637420}.Debug|x64.ActiveCfg = Debug|Any CPU
		{D58C6C76-B4C5-4BD3-A157-9A71E0637420}.Debug|x64.Build.0 = Debug|Any CPU
		{D58C6C76-B4C5-4BD3-A157-9A71E0637420}.Debug|x86.ActiveCfg = Debug|Any CPU
		{D58C6C76-B4C5-4BD3-A157-9A71E0637420}.Debug|x86.Build.0 = Debug|Any CPU
		{D58C6C76-B4C5-4BD3-A157-9A71E0637420}.Release|Any CPU.ActiveCfg = Release|Any CPU
		{D58C6C76-B4C5-4BD3-A157-9A71E0637420}.Release|Any CPU.Build.0 = Release|Any CPU
		{D58C6C76-B4C5-4BD3-A157-9A71E0637420}.Release|x64.ActiveCfg = Release|Any CPU
		{D58C6C76-B4C5-4BD3-A157-9A71E0637420}.Release|x64.Build.0 = Release|Any CPU
		{D58C6C76-B4C5-4BD3-A157-9A71E0637420}.Release|x86.ActiveCfg = Release|Any CPU
		{D58C6C76-B4C5-4BD3-A157-9A71E0637420}.Release|x86.Build.0 = Release|Any CPU
		{D0AF8A19-F445-4FF7-9321-2F4A61FB62B4}.Debug|Any CPU.ActiveCfg = Debug|Any CPU
		{D0AF8A19-F445-4FF7-9321-2F4A61FB62B4}.Debug|Any CPU.Build.0 = Debug|Any CPU
		{D0AF8A19-F445-4FF7-9321-2F4A61FB62B4}.Debug|x64.ActiveCfg = Debug|Any CPU
		{D0AF8A19-F445-4FF7-9321-2F4A61FB62B4}.Debug|x64.Build.0 = Debug|Any CPU
		{D0AF8A19-F445-4FF7-9321-2F4A61FB62B4}.Debug|x86.ActiveCfg = Debug|Any CPU
		{D0AF8A19-F445-4FF7-9321-2F4A61FB62B4}.Debug|x86.Build.0 = Debug|Any CPU
		{D0AF8A19-F445-4FF7-9321-2F4A61FB62B4}.Release|Any CPU.ActiveCfg = Release|Any CPU
		{D0AF8A19-F445-4FF7-9321-2F4A61FB62B4}.Release|Any CPU.Build.0 = Release|Any CPU
		{D0AF8A19-F445-4FF7-9321-2F4A61FB62B4}.Release|x64.ActiveCfg = Release|Any CPU
		{D0AF8A19-F445-4FF7-9321-2F4A61FB62B4}.Release|x64.Build.0 = Release|Any CPU
		{D0AF8A19-F445-4FF7-9321-2F4A61FB62B4}.Release|x86.ActiveCfg = Release|Any CPU
		{D0AF8A19-F445-4FF7-9321-2F4A61FB62B4}.Release|x86.Build.0 = Release|Any CPU
		{D86C8001-A7F6-46F3-A7B1-1FBB5DD49F03}.Debug|Any CPU.ActiveCfg = Debug|Any CPU
		{D86C8001-A7F6-46F3-A7B1-1FBB5DD49F03}.Debug|Any CPU.Build.0 = Debug|Any CPU
		{D86C8001-A7F6-46F3-A7B1-1FBB5DD49F03}.Debug|x64.ActiveCfg = Debug|Any CPU
		{D86C8001-A7F6-46F3-A7B1-1FBB5DD49F03}.Debug|x64.Build.0 = Debug|Any CPU
		{D86C8001-A7F6-46F3-A7B1-1FBB5DD49F03}.Debug|x86.ActiveCfg = Debug|Any CPU
		{D86C8001-A7F6-46F3-A7B1-1FBB5DD49F03}.Debug|x86.Build.0 = Debug|Any CPU
		{D86C8001-A7F6-46F3-A7B1-1FBB5DD49F03}.Release|Any CPU.ActiveCfg = Release|Any CPU
		{D86C8001-A7F6-46F3-A7B1-1FBB5DD49F03}.Release|Any CPU.Build.0 = Release|Any CPU
		{D86C8001-A7F6-46F3-A7B1-1FBB5DD49F03}.Release|x64.ActiveCfg = Release|Any CPU
		{D86C8001-A7F6-46F3-A7B1-1FBB5DD49F03}.Release|x64.Build.0 = Release|Any CPU
		{D86C8001-A7F6-46F3-A7B1-1FBB5DD49F03}.Release|x86.ActiveCfg = Release|Any CPU
		{D86C8001-A7F6-46F3-A7B1-1FBB5DD49F03}.Release|x86.Build.0 = Release|Any CPU
		{924861CB-4BF9-4049-BDB8-3BB584542AAF}.Debug|Any CPU.ActiveCfg = Debug|Any CPU
		{924861CB-4BF9-4049-BDB8-3BB584542AAF}.Debug|Any CPU.Build.0 = Debug|Any CPU
		{924861CB-4BF9-4049-BDB8-3BB584542AAF}.Debug|x64.ActiveCfg = Debug|Any CPU
		{924861CB-4BF9-4049-BDB8-3BB584542AAF}.Debug|x64.Build.0 = Debug|Any CPU
		{924861CB-4BF9-4049-BDB8-3BB584542AAF}.Debug|x86.ActiveCfg = Debug|Any CPU
		{924861CB-4BF9-4049-BDB8-3BB584542AAF}.Debug|x86.Build.0 = Debug|Any CPU
		{924861CB-4BF9-4049-BDB8-3BB584542AAF}.Release|Any CPU.ActiveCfg = Release|Any CPU
		{924861CB-4BF9-4049-BDB8-3BB584542AAF}.Release|Any CPU.Build.0 = Release|Any CPU
		{924861CB-4BF9-4049-BDB8-3BB584542AAF}.Release|x64.ActiveCfg = Release|Any CPU
		{924861CB-4BF9-4049-BDB8-3BB584542AAF}.Release|x64.Build.0 = Release|Any CPU
		{924861CB-4BF9-4049-BDB8-3BB584542AAF}.Release|x86.ActiveCfg = Release|Any CPU
		{924861CB-4BF9-4049-BDB8-3BB584542AAF}.Release|x86.Build.0 = Release|Any CPU
		{EF374143-61F4-428B-AC92-BB3EA6FACCF9}.Debug|Any CPU.ActiveCfg = Debug|Any CPU
		{EF374143-61F4-428B-AC92-BB3EA6FACCF9}.Debug|Any CPU.Build.0 = Debug|Any CPU
		{EF374143-61F4-428B-AC92-BB3EA6FACCF9}.Debug|x64.ActiveCfg = Debug|Any CPU
		{EF374143-61F4-428B-AC92-BB3EA6FACCF9}.Debug|x64.Build.0 = Debug|Any CPU
		{EF374143-61F4-428B-AC92-BB3EA6FACCF9}.Debug|x86.ActiveCfg = Debug|Any CPU
		{EF374143-61F4-428B-AC92-BB3EA6FACCF9}.Debug|x86.Build.0 = Debug|Any CPU
		{EF374143-61F4-428B-AC92-BB3EA6FACCF9}.Release|Any CPU.ActiveCfg = Release|Any CPU
		{EF374143-61F4-428B-AC92-BB3EA6FACCF9}.Release|Any CPU.Build.0 = Release|Any CPU
		{EF374143-61F4-428B-AC92-BB3EA6FACCF9}.Release|x64.ActiveCfg = Release|Any CPU
		{EF374143-61F4-428B-AC92-BB3EA6FACCF9}.Release|x64.Build.0 = Release|Any CPU
		{EF374143-61F4-428B-AC92-BB3EA6FACCF9}.Release|x86.ActiveCfg = Release|Any CPU
		{EF374143-61F4-428B-AC92-BB3EA6FACCF9}.Release|x86.Build.0 = Release|Any CPU
		{2F387BD0-8AD0-446E-9121-65C325410845}.Debug|Any CPU.ActiveCfg = Debug|Any CPU
		{2F387BD0-8AD0-446E-9121-65C325410845}.Debug|Any CPU.Build.0 = Debug|Any CPU
		{2F387BD0-8AD0-446E-9121-65C325410845}.Debug|x64.ActiveCfg = Debug|Any CPU
		{2F387BD0-8AD0-446E-9121-65C325410845}.Debug|x64.Build.0 = Debug|Any CPU
		{2F387BD0-8AD0-446E-9121-65C325410845}.Debug|x86.ActiveCfg = Debug|Any CPU
		{2F387BD0-8AD0-446E-9121-65C325410845}.Debug|x86.Build.0 = Debug|Any CPU
		{2F387BD0-8AD0-446E-9121-65C325410845}.Release|Any CPU.ActiveCfg = Release|Any CPU
		{2F387BD0-8AD0-446E-9121-65C325410845}.Release|Any CPU.Build.0 = Release|Any CPU
		{2F387BD0-8AD0-446E-9121-65C325410845}.Release|x64.ActiveCfg = Release|Any CPU
		{2F387BD0-8AD0-446E-9121-65C325410845}.Release|x64.Build.0 = Release|Any CPU
		{2F387BD0-8AD0-446E-9121-65C325410845}.Release|x86.ActiveCfg = Release|Any CPU
		{2F387BD0-8AD0-446E-9121-65C325410845}.Release|x86.Build.0 = Release|Any CPU
		{1A762A12-8161-473D-838D-E2008D77045B}.Debug|Any CPU.ActiveCfg = Debug|Any CPU
		{1A762A12-8161-473D-838D-E2008D77045B}.Debug|Any CPU.Build.0 = Debug|Any CPU
		{1A762A12-8161-473D-838D-E2008D77045B}.Debug|x64.ActiveCfg = Debug|Any CPU
		{1A762A12-8161-473D-838D-E2008D77045B}.Debug|x64.Build.0 = Debug|Any CPU
		{1A762A12-8161-473D-838D-E2008D77045B}.Debug|x86.ActiveCfg = Debug|Any CPU
		{1A762A12-8161-473D-838D-E2008D77045B}.Debug|x86.Build.0 = Debug|Any CPU
		{1A762A12-8161-473D-838D-E2008D77045B}.Release|Any CPU.ActiveCfg = Release|Any CPU
		{1A762A12-8161-473D-838D-E2008D77045B}.Release|Any CPU.Build.0 = Release|Any CPU
		{1A762A12-8161-473D-838D-E2008D77045B}.Release|x64.ActiveCfg = Release|Any CPU
		{1A762A12-8161-473D-838D-E2008D77045B}.Release|x64.Build.0 = Release|Any CPU
		{1A762A12-8161-473D-838D-E2008D77045B}.Release|x86.ActiveCfg = Release|Any CPU
		{1A762A12-8161-473D-838D-E2008D77045B}.Release|x86.Build.0 = Release|Any CPU
	EndGlobalSection
	GlobalSection(SolutionProperties) = preSolution
		HideSolutionNode = FALSE
	EndGlobalSection
	GlobalSection(NestedProjects) = preSolution
		{ABB0E458-1704-4E8F-BE26-84B86B4EF735} = {2C8A9493-E27D-4ABB-8C9F-B097D4005F2C}
		{C83F874F-2055-45E9-811A-46EAFF9F37E8} = {CD0BA1C3-B8D8-4B10-97D9-1A2F27DD5F75}
		{D58C6C76-B4C5-4BD3-A157-9A71E0637420} = {CD0BA1C3-B8D8-4B10-97D9-1A2F27DD5F75}
		{D0AF8A19-F445-4FF7-9321-2F4A61FB62B4} = {CD0BA1C3-B8D8-4B10-97D9-1A2F27DD5F75}
		{D86C8001-A7F6-46F3-A7B1-1FBB5DD49F03} = {CD0BA1C3-B8D8-4B10-97D9-1A2F27DD5F75}
		{924861CB-4BF9-4049-BDB8-3BB584542AAF} = {3846D5A7-3876-4C21-9313-97D625F18A7B}
		{EF374143-61F4-428B-AC92-BB3EA6FACCF9} = {3846D5A7-3876-4C21-9313-97D625F18A7B}
		{2F387BD0-8AD0-446E-9121-65C325410845} = {3846D5A7-3876-4C21-9313-97D625F18A7B}
		{1A762A12-8161-473D-838D-E2008D77045B} = {3846D5A7-3876-4C21-9313-97D625F18A7B}
	EndGlobalSection
	GlobalSection(ExtensibilityGlobals) = postSolution
		SolutionGuid = {34879526-B759-4EFF-ABCC-59AE1F6DC07A}
	EndGlobalSection
EndGlobal
